
Microsoft Visual Studio Solution File, Format Version 12.00
# Visual Studio Version 17
VisualStudioVersion = 17.4.33122.133
MinimumVisualStudioVersion = 10.0.40219.1
Project("{FAE04EC0-301F-11D3-BF4B-00C04F79EFBC}") = "Figures", "Figures\Figures.csproj", "{E2871148-D97F-4904-9840-83C59B47E8FD}"
EndProject
Project("{FAE04EC0-301F-11D3-BF4B-00C04F79EFBC}") = "Figures.UnitTest", "Figures.UnitTest\Figures.UnitTest.csproj", "{36032FD1-9185-4561-9C43-92EC3BDC5605}"
EndProject
Project("{2150E333-8FDC-42A3-9474-1A3956D46DE8}") = "Solution Items", "Solution Items", "{48CD3F6D-B535-42E5-A8BF-33863D328BBE}"
	ProjectSection(SolutionItems) = preProject
		SqlQuery.sql = SqlQuery.sql
	EndProjectSection
EndProject
Global
	GlobalSection(SolutionConfigurationPlatforms) = preSolution
		Debug|Any CPU = Debug|Any CPU
		Release|Any CPU = Release|Any CPU
	EndGlobalSection
	GlobalSection(ProjectConfigurationPlatforms) = postSolution
		{E2871148-D97F-4904-9840-83C59B47E8FD}.Debug|Any CPU.ActiveCfg = Debug|Any CPU
		{E2871148-D97F-4904-9840-83C59B47E8FD}.Debug|Any CPU.Build.0 = Debug|Any CPU
		{E2871148-D97F-4904-9840-83C59B47E8FD}.Release|Any CPU.ActiveCfg = Release|Any CPU
		{E2871148-D97F-4904-9840-83C59B47E8FD}.Release|Any CPU.Build.0 = Release|Any CPU
		{36032FD1-9185-4561-9C43-92EC3BDC5605}.Debug|Any CPU.ActiveCfg = Debug|Any CPU
		{36032FD1-9185-4561-9C43-92EC3BDC5605}.Debug|Any CPU.Build.0 = Debug|Any CPU
		{36032FD1-9185-4561-9C43-92EC3BDC5605}.Release|Any CPU.ActiveCfg = Release|Any CPU
		{36032FD1-9185-4561-9C43-92EC3BDC5605}.Release|Any CPU.Build.0 = Release|Any CPU
	EndGlobalSection
	GlobalSection(SolutionProperties) = preSolution
		HideSolutionNode = FALSE
	EndGlobalSection
	GlobalSection(ExtensibilityGlobals) = postSolution
		SolutionGuid = {191D4EED-87C3-4C5D-9F82-1A93EFDC6C38}
	EndGlobalSection
EndGlobal
